Microsoft Visual Studio Solution File, Format Version 12.00
# Visual Studio Version 17
VisualStudioVersion = 17.9.34902.65
MinimumVisualStudioVersion = 10.0.40219.1
Project("{9A19103F-16F7-4668-BE54-9A1E7A4F7556}") = "GoogleAPI", "src\GoogleAPI.csproj", "{6C1C9C32-D82A-4897-8132-1B7A9716928C}"
EndProject
Global
	GlobalSection(SolutionConfigurationPlatforms) = preSolution
		Debug|Any CPU = Debug|Any CPU
		Release|Any CPU = Release|Any CPU
	EndGlobalSection
	GlobalSection(ProjectConfigurationPlatforms) = postSolution
		{6C1C9C32-D82A-4897-8132-1B7A9716928C}.Debug|Any CPU.ActiveCfg = Debug|Any CPU
		{6C1C9C32-D82A-4897-8132-1B7A9716928C}.Debug|Any CPU.Build.0 = Debug|Any CPU
		{6C1C9C32-D82A-4897-8132-1B7A9716928C}.Release|Any CPU.ActiveCfg = Release|Any CPU
		{6C1C9C32-D82A-4897-8132-1B7A9716928C}.Release|Any CPU.Build.0 = Release|Any CPU
	EndGlobalSection
	GlobalSection(SolutionProperties) = preSolution
		HideSolutionNode = FALSE
	EndGlobalSection
	GlobalSection(ExtensibilityGlobals) = postSolution
		SolutionGuid = {584318BA-4E28-4FA5-A463-D9E3C42F7B01}
	EndGlobalSection
EndGlobal
