
Microsoft Visual Studio Solution File, Format Version 12.00
# Visual Studio Version 17
VisualStudioVersion = 17.9.34902.65
MinimumVisualStudioVersion = 10.0.40219.1
Project("{FAE04EC0-301F-11D3-BF4B-00C04F79EFBC}") = "StreamDock.Plugins", "src\StreamDock.Plugins.csproj", "{6C1C9C32-D82A-4897-8132-1B7A9716928C}"
EndProject
Project("{2150E333-8FDC-42A3-9474-1A3956D46DE8}") = "솔루션 항목", "솔루션 항목", "{E21368CE-5FF2-4154-B5D5-0929278A2CCE}"
	ProjectSection(SolutionItems) = preProject
		kr.devany.googleapi.sdPlugin\manifest.json = kr.devany.googleapi.sdPlugin\manifest.json
	EndProjectSection
EndProject
Global
	GlobalSection(SolutionConfigurationPlatforms) = preSolution
		Debug|Any CPU = Debug|Any CPU
		Release|Any CPU = Release|Any CPU
	EndGlobalSection
	GlobalSection(ProjectConfigurationPlatforms) = postSolution
		{6C1C9C32-D82A-4897-8132-1B7A9716928C}.Debug|Any CPU.ActiveCfg = Debug|Any CPU
		{6C1C9C32-D82A-4897-8132-1B7A9716928C}.Debug|Any CPU.Build.0 = Debug|Any CPU
		{6C1C9C32-D82A-4897-8132-1B7A9716928C}.Release|Any CPU.ActiveCfg = Release|Any CPU
		{6C1C9C32-D82A-4897-8132-1B7A9716928C}.Release|Any CPU.Build.0 = Release|Any CPU
	EndGlobalSection
	GlobalSection(SolutionProperties) = preSolution
		HideSolutionNode = FALSE
	EndGlobalSection
	GlobalSection(ExtensibilityGlobals) = postSolution
		SolutionGuid = {584318BA-4E28-4FA5-A463-D9E3C42F7B01}
	EndGlobalSection
EndGlobal
